// !$*UTF8*$!
{
	archiveVersion = 1;
	classes = {
	};
	objectVersion = 50;
	objects = {

/* Begin PBXBuildFile section */
		A32102E725D971C0002E55A8 /* MusicListApp.swift in Sources */ = {isa = PBXBuildFile; fileRef = A32102E625D971C0002E55A8 /* MusicListApp.swift */; };
		A32102E925D971C0002E55A8 /* ContentView.swift in Sources */ = {isa = PBXBuildFile; fileRef = A32102E825D971C0002E55A8 /* ContentView.swift */; };
		A32102EB25D971C5002E55A8 /* Assets.xcassets in Resources */ = {isa = PBXBuildFile; fileRef = A32102EA25D971C5002E55A8 /* Assets.xcassets */; };
		A32102EE25D971C5002E55A8 /* Preview Assets.xcassets in Resources */ = {isa = PBXBuildFile; fileRef = A32102ED25D971C5002E55A8 /* Preview Assets.xcassets */; };
		A32102F925D971C5002E55A8 /* MusicListTests.swift in Sources */ = {isa = PBXBuildFile; fileRef = A32102F825D971C5002E55A8 /* MusicListTests.swift */; };
		A321030425D971C5002E55A8 /* MusicListUITests.swift in Sources */ = {isa = PBXBuildFile; fileRef = A321030325D971C5002E55A8 /* MusicListUITests.swift */; };
/* End PBXBuildFile section */

/* Begin PBXContainerItemProxy section */
		A32102F525D971C5002E55A8 /* PBXContainerItemProxy */ = {
			isa = PBXContainerItemProxy;
			containerPortal = A32102DB25D971C0002E55A8 /* Project object */;
			proxyType = 1;
			remoteGlobalIDString = A32102E225D971C0002E55A8;
			remoteInfo = MusicList;
		};
		A321030025D971C5002E55A8 /* PBXContainerItemProxy */ = {
			isa = PBXContainerItemProxy;
			containerPortal = A32102DB25D971C0002E55A8 /* Project object */;
			proxyType = 1;
			remoteGlobalIDString = A32102E225D971C0002E55A8;
			remoteInfo = MusicList;
		};
/* End PBXContainerItemProxy section */

/* Begin PBXFileReference section */
		A32102E325D971C0002E55A8 /* MusicList.app */ = {isa = PBXFileReference; explicitFileType = wrapper.application; includeInIndex = 0; path = MusicList.app; sourceTree = BUILT_PRODUCTS_DIR; };
		A32102E625D971C0002E55A8 /* MusicListApp.swift */ = {isa = PBXFileReference; lastKnownFileType = sourcecode.swift; path = MusicListApp.swift; sourceTree = "<group>"; };
		A32102E825D971C0002E55A8 /* ContentView.swift */ = {isa = PBXFileReference; lastKnownFileType = sourcecode.swift; path = ContentView.swift; sourceTree = "<group>"; };
		A32102EA25D971C5002E55A8 /* Assets.xcassets */ = {isa = PBXFileReference; lastKnownFileType = folder.assetcatalog; path = Assets.xcassets; sourceTree = "<group>"; };
		A32102ED25D971C5002E55A8 /* Preview Assets.xcassets */ = {isa = PBXFileReference; lastKnownFileType = folder.assetcatalog; path = "Preview Assets.xcassets"; sourceTree = "<group>"; };
		A32102EF25D971C5002E55A8 /* Info.plist */ = {isa = PBXFileReference; lastKnownFileType = text.plist.xml; path = Info.plist; sourceTree = "<group>"; };
		A32102F425D971C5002E55A8 /* MusicListTests.xctest */ = {isa = PBXFileReference; explicitFileType = wrapper.cfbundle; includeInIndex = 0; path = MusicListTests.xctest; sourceTree = BUILT_PRODUCTS_DIR; };
		A32102F825D971C5002E55A8 /* MusicListTests.swift */ = {isa = PBXFileReference; lastKnownFileType = sourcecode.swift; path = MusicListTests.swift; sourceTree = "<group>"; };
		A32102FA25D971C5002E55A8 /* Info.plist */ = {isa = PBXFileReference; lastKnownFileType = text.plist.xml; path = Info.plist; sourceTree = "<group>"; };
		A32102FF25D971C5002E55A8 /* MusicListUITests.xctest */ = {isa = PBXFileReference; explicitFileType = wrapper.cfbundle; includeInIndex = 0; path = MusicListUITests.xctest; sourceTree = BUILT_PRODUCTS_DIR; };
		A321030325D971C5002E55A8 /* MusicListUITests.swift */ = {isa = PBXFileReference; lastKnownFileType = sourcecode.swift; path = MusicListUITests.swift; sourceTree = "<group>"; };
		A321030525D971C5002E55A8 /* Info.plist */ = {isa = PBXFileReference; lastKnownFileType = text.plist.xml; path = Info.plist; sourceTree = "<group>"; };
/* End PBXFileReference section */

/* Begin PBXFrameworksBuildPhase section */
		A32102E025D971C0002E55A8 /* Frameworks */ = {
			isa = PBXFrameworksBuildPhase;
			buildActionMask = 2147483647;
			files = (
			);
			runOnlyForDeploymentPostprocessing = 0;
		};
		A32102F125D971C5002E55A8 /* Frameworks */ = {
			isa = PBXFrameworksBuildPhase;
			buildActionMask = 2147483647;
			files = (
			);
			runOnlyForDeploymentPostprocessing = 0;
		};
		A32102FC25D971C5002E55A8 /* Frameworks */ = {
			isa = PBXFrameworksBuildPhase;
			buildActionMask = 2147483647;
			files = (
			);
			runOnlyForDeploymentPostprocessing = 0;
		};
/* End PBXFrameworksBuildPhase section */

/* Begin PBXGroup section */
		A32102DA25D971C0002E55A8 = {
			isa = PBXGroup;
			children = (
				A32102E525D971C0002E55A8 /* MusicList */,
				A32102F725D971C5002E55A8 /* MusicListTests */,
				A321030225D971C5002E55A8 /* MusicListUITests */,
				A32102E425D971C0002E55A8 /* Products */,
			);
			sourceTree = "<group>";
		};
		A32102E425D971C0002E55A8 /* Products */ = {
			isa = PBXGroup;
			children = (
				A32102E325D971C0002E55A8 /* MusicList.app */,
				A32102F425D971C5002E55A8 /* MusicListTests.xctest */,
				A32102FF25D971C5002E55A8 /* MusicListUITests.xctest */,
			);
			name = Products;
			sourceTree = "<group>";
		};
		A32102E525D971C0002E55A8 /* MusicList */ = {
			isa = PBXGroup;
			children = (
				A32102E625D971C0002E55A8 /* MusicListApp.swift */,
				A32102E825D971C0002E55A8 /* ContentView.swift */,
				A32102EA25D971C5002E55A8 /* Assets.xcassets */,
				A32102EF25D971C5002E55A8 /* Info.plist */,
				A32102EC25D971C5002E55A8 /* Preview Content */,
			);
			path = MusicList;
			sourceTree = "<group>";
		};
		A32102EC25D971C5002E55A8 /* Preview Content */ = {
			isa = PBXGroup;
			children = (
				A32102ED25D971C5002E55A8 /* Preview Assets.xcassets */,
			);
			path = "Preview Content";
			sourceTree = "<group>";
		};
		A32102F725D971C5002E55A8 /* MusicListTests */ = {
			isa = PBXGroup;
			children = (
				A32102F825D971C5002E55A8 /* MusicListTests.swift */,
				A32102FA25D971C5002E55A8 /* Info.plist */,
			);
			path = MusicListTests;
			sourceTree = "<group>";
		};
		A321030225D971C5002E55A8 /* MusicListUITests */ = {
			isa = PBXGroup;
			children = (
				A321030325D971C5002E55A8 /* MusicListUITests.swift */,
				A321030525D971C5002E55A8 /* Info.plist */,
			);
			path = MusicListUITests;
			sourceTree = "<group>";
		};
/* End PBXGroup section */

/* Begin PBXNativeTarget section */
		A32102E225D971C0002E55A8 /* MusicList */ = {
			isa = PBXNativeTarget;
			buildConfigurationList = A321030825D971C5002E55A8 /* Build configuration list for PBXNativeTarget "MusicList" */;
			buildPhases = (
				A32102DF25D971C0002E55A8 /* Sources */,
				A32102E025D971C0002E55A8 /* Frameworks */,
				A32102E125D971C0002E55A8 /* Resources */,
			);
			buildRules = (
			);
			dependencies = (
			);
			name = MusicList;
			productName = MusicList;
			productReference = A32102E325D971C0002E55A8 /* MusicList.app */;
			productType = "com.apple.product-type.application";
		};
		A32102F325D971C5002E55A8 /* MusicListTests */ = {
			isa = PBXNativeTarget;
			buildConfigurationList = A321030B25D971C5002E55A8 /* Build configuration list for PBXNativeTarget "MusicListTests" */;
			buildPhases = (
				A32102F025D971C5002E55A8 /* Sources */,
				A32102F125D971C5002E55A8 /* Frameworks */,
				A32102F225D971C5002E55A8 /* Resources */,
			);
			buildRules = (
			);
			dependencies = (
				A32102F625D971C5002E55A8 /* PBXTargetDependency */,
			);
			name = MusicListTests;
			productName = MusicListTests;
			productReference = A32102F425D971C5002E55A8 /* MusicListTests.xctest */;
			productType = "com.apple.product-type.bundle.unit-test";
		};
		A32102FE25D971C5002E55A8 /* MusicListUITests */ = {
			isa = PBXNativeTarget;
			buildConfigurationList = A321030E25D971C5002E55A8 /* Build configuration list for PBXNativeTarget "MusicListUITests" */;
			buildPhases = (
				A32102FB25D971C5002E55A8 /* Sources */,
				A32102FC25D971C5002E55A8 /* Frameworks */,
				A32102FD25D971C5002E55A8 /* Resources */,
			);
			buildRules = (
			);
			dependencies = (
				A321030125D971C5002E55A8 /* PBXTargetDependency */,
			);
			name = MusicListUITests;
			productName = MusicListUITests;
			productReference = A32102FF25D971C5002E55A8 /* MusicListUITests.xctest */;
			productType = "com.apple.product-type.bundle.ui-testing";
		};
/* End PBXNativeTarget section */

/* Begin PBXProject section */
		A32102DB25D971C0002E55A8 /* Project object */ = {
			isa = PBXProject;
			attributes = {
				LastSwiftUpdateCheck = 1230;
				LastUpgradeCheck = 1230;
				TargetAttributes = {
					A32102E225D971C0002E55A8 = {
						CreatedOnToolsVersion = 12.3;
					};
					A32102F325D971C5002E55A8 = {
						CreatedOnToolsVersion = 12.3;
						TestTargetID = A32102E225D971C0002E55A8;
					};
					A32102FE25D971C5002E55A8 = {
						CreatedOnToolsVersion = 12.3;
						TestTargetID = A32102E225D971C0002E55A8;
					};
				};
			};
			buildConfigurationList = A32102DE25D971C0002E55A8 /* Build configuration list for PBXProject "MusicList" */;
			compatibilityVersion = "Xcode 9.3";
			developmentRegion = en;
			hasScannedForEncodings = 0;
			knownRegions = (
				en,
				Base,
			);
			mainGroup = A32102DA25D971C0002E55A8;
			productRefGroup = A32102E425D971C0002E55A8 /* Products */;
			projectDirPath = "";
			projectRoot = "";
			targets = (
				A32102E225D971C0002E55A8 /* MusicList */,
				A32102F325D971C5002E55A8 /* MusicListTests */,
				A32102FE25D971C5002E55A8 /* MusicListUITests */,
			);
		};
/* End PBXProject section */

/* Begin PBXResourcesBuildPhase section */
		A32102E125D971C0002E55A8 /* Resources */ = {
			isa = PBXResourcesBuildPhase;
			buildActionMask = 2147483647;
			files = (
				A32102EE25D971C5002E55A8 /* Preview Assets.xcassets in Resources */,
				A32102EB25D971C5002E55A8 /* Assets.xcassets in Resources */,
			);
			runOnlyForDeploymentPostprocessing = 0;
		};
		A32102F225D971C5002E55A8 /* Resources */ = {
			isa = PBXResourcesBuildPhase;
			buildActionMask = 2147483647;
			files = (
			);
			runOnlyForDeploymentPostprocessing = 0;
		};
		A32102FD25D971C5002E55A8 /* Resources */ = {
			isa = PBXResourcesBuildPhase;
			buildActionMask = 2147483647;
			files = (
			);
			runOnlyForDeploymentPostprocessing = 0;
		};
/* End PBXResourcesBuildPhase section */

/* Begin PBXSourcesBuildPhase section */
		A32102DF25D971C0002E55A8 /* Sources */ = {
			isa = PBXSourcesBuildPhase;
			buildActionMask = 2147483647;
			files = (
				A32102E925D971C0002E55A8 /* ContentView.swift in Sources */,
				A32102E725D971C0002E55A8 /* MusicListApp.swift in Sources */,
			);
			runOnlyForDeploymentPostprocessing = 0;
		};
		A32102F025D971C5002E55A8 /* Sources */ = {
			isa = PBXSourcesBuildPhase;
			buildActionMask = 2147483647;
			files = (
				A32102F925D971C5002E55A8 /* MusicListTests.swift in Sources */,
			);
			runOnlyForDeploymentPostprocessing = 0;
		};
		A32102FB25D971C5002E55A8 /* Sources */ = {
			isa = PBXSourcesBuildPhase;
			buildActionMask = 2147483647;
			files = (
				A321030425D971C5002E55A8 /* MusicListUITests.swift in Sources */,
			);
			runOnlyForDeploymentPostprocessing = 0;
		};
/* End PBXSourcesBuildPhase section */

/* Begin PBXTargetDependency section */
		A32102F625D971C5002E55A8 /* PBXTargetDependency */ = {
			isa = PBXTargetDependency;
			target = A32102E225D971C0002E55A8 /* MusicList */;
			targetProxy = A32102F525D971C5002E55A8 /* PBXContainerItemProxy */;
		};
		A321030125D971C5002E55A8 /* PBXTargetDependency */ = {
			isa = PBXTargetDependency;
			target = A32102E225D971C0002E55A8 /* MusicList */;
			targetProxy = A321030025D971C5002E55A8 /* PBXContainerItemProxy */;
		};
/* End PBXTargetDependency section */

/* Begin XCBuildConfiguration section */
		A321030625D971C5002E55A8 /* Debug */ = {
			isa = XCBuildConfiguration;
			buildSettings = {
				ALWAYS_SEARCH_USER_PATHS = NO;
				CLANG_ANALYZER_NONNULL = YES;
				CLANG_ANALYZER_NUMBER_OBJECT_CONVERSION = YES_AGGRESSIVE;
				CLANG_CXX_LANGUAGE_STANDARD = "gnu++14";
				CLANG_CXX_LIBRARY = "libc++";
				CLANG_ENABLE_MODULES = YES;
				CLANG_ENABLE_OBJC_ARC = YES;
				CLANG_ENABLE_OBJC_WEAK = YES;
				CLANG_WARN_BLOCK_CAPTURE_AUTORELEASING = YES;
				CLANG_WARN_BOOL_CONVERSION = YES;
				CLANG_WARN_COMMA = YES;
				CLANG_WARN_CONSTANT_CONVERSION = YES;
				CLANG_WARN_DEPRECATED_OBJC_IMPLEMENTATIONS = YES;
				CLANG_WARN_DIRECT_OBJC_ISA_USAGE = YES_ERROR;
				CLANG_WARN_DOCUMENTATION_COMMENTS = YES;
				CLANG_WARN_EMPTY_BODY = YES;
				CLANG_WARN_ENUM_CONVERSION = YES;
				CLANG_WARN_INFINITE_RECURSION = YES;
				CLANG_WARN_INT_CONVERSION = YES;
				CLANG_WARN_NON_LITERAL_NULL_CONVERSION = YES;
				CLANG_WARN_OBJC_IMPLICIT_RETAIN_SELF = YES;
				CLANG_WARN_OBJC_LITERAL_CONVERSION = YES;
				CLANG_WARN_OBJC_ROOT_CLASS = YES_ERROR;
				CLANG_WARN_QUOTED_INCLUDE_IN_FRAMEWORK_HEADER = YES;
				CLANG_WARN_RANGE_LOOP_ANALYSIS = YES;
				CLANG_WARN_STRICT_PROTOTYPES = YES;
				CLANG_WARN_SUSPICIOUS_MOVE = YES;
				CLANG_WARN_UNGUARDED_AVAILABILITY = YES_AGGRESSIVE;
				CLANG_WARN_UNREACHABLE_CODE = YES;
				CLANG_WARN__DUPLICATE_METHOD_MATCH = YES;
				COPY_PHASE_STRIP = NO;
				DEBUG_INFORMATION_FORMAT = dwarf;
				ENABLE_STRICT_OBJC_MSGSEND = YES;
				ENABLE_TESTABILITY = YES;
				GCC_C_LANGUAGE_STANDARD = gnu11;
				GCC_DYNAMIC_NO_PIC = NO;
				GCC_NO_COMMON_BLOCKS = YES;
				GCC_OPTIMIZATION_LEVEL = 0;
				GCC_PREPROCESSOR_DEFINITIONS = (
					"DEBUG=1",
					"$(inherited)",
				);
				GCC_WARN_64_TO_32_BIT_CONVERSION = YES;
				GCC_WARN_ABOUT_RETURN_TYPE = YES_ERROR;
				GCC_WARN_UNDECLARED_SELECTOR = YES;
				GCC_WARN_UNINITIALIZED_AUTOS = YES_AGGRESSIVE;
				GCC_WARN_UNUSED_FUNCTION = YES;
				GCC_WARN_UNUSED_VARIABLE = YES;
				IPHONEOS_DEPLOYMENT_TARGET = 14.3;
				MTL_ENABLE_DEBUG_INFO = INCLUDE_SOURCE;
				MTL_FAST_MATH = YES;
				ONLY_ACTIVE_ARCH = YES;
				SDKROOT = iphoneos;
				SWIFT_ACTIVE_COMPILATION_CONDITIONS = DEBUG;
				SWIFT_OPTIMIZATION_LEVEL = "-Onone";
			};
			name = Debug;
		};
		A321030725D971C5002E55A8 /* Release */ = {
			isa = XCBuildConfiguration;
			buildSettings = {
				ALWAYS_SEARCH_USER_PATHS = NO;
				CLANG_ANALYZER_NONNULL = YES;
				CLANG_ANALYZER_NUMBER_OBJECT_CONVERSION = YES_AGGRESSIVE;
				CLANG_CXX_LANGUAGE_STANDARD = "gnu++14";
				CLANG_CXX_LIBRARY = "libc++";
				CLANG_ENABLE_MODULES = YES;
				CLANG_ENABLE_OBJC_ARC = YES;
				CLANG_ENABLE_OBJC_WEAK = YES;
				CLANG_WARN_BLOCK_CAPTURE_AUTORELEASING = YES;
				CLANG_WARN_BOOL_CONVERSION = YES;
				CLANG_WARN_COMMA = YES;
				CLANG_WARN_CONSTANT_CONVERSION = YES;
				CLANG_WARN_DEPRECATED_OBJC_IMPLEMENTATIONS = YES;
				CLANG_WARN_DIRECT_OBJC_ISA_USAGE = YES_ERROR;
				CLANG_WARN_DOCUMENTATION_COMMENTS = YES;
				CLANG_WARN_EMPTY_BODY = YES;
				CLANG_WARN_ENUM_CONVERSION = YES;
				CLANG_WARN_INFINITE_RECURSION = YES;
				CLANG_WARN_INT_CONVERSION = YES;
				CLANG_WARN_NON_LITERAL_NULL_CONVERSION = YES;
				CLANG_WARN_OBJC_IMPLICIT_RETAIN_SELF = YES;
				CLANG_WARN_OBJC_LITERAL_CONVERSION = YES;
				CLANG_WARN_OBJC_ROOT_CLASS = YES_ERROR;
				CLANG_WARN_QUOTED_INCLUDE_IN_FRAMEWORK_HEADER = YES;
				CLANG_WARN_RANGE_LOOP_ANALYSIS = YES;
				CLANG_WARN_STRICT_PROTOTYPES = YES;
				CLANG_WARN_SUSPICIOUS_MOVE = YES;
				CLANG_WARN_UNGUARDED_AVAILABILITY = YES_AGGRESSIVE;
				CLANG_WARN_UNREACHABLE_CODE = YES;
				CLANG_WARN__DUPLICATE_METHOD_MATCH = YES;
				COPY_PHASE_STRIP = NO;
				DEBUG_INFORMATION_FORMAT = "dwarf-with-dsym";
				ENABLE_NS_ASSERTIONS = NO;
				ENABLE_STRICT_OBJC_MSGSEND = YES;
				GCC_C_LANGUAGE_STANDARD = gnu11;
				GCC_NO_COMMON_BLOCKS = YES;
				GCC_WARN_64_TO_32_BIT_CONVERSION = YES;
				GCC_WARN_ABOUT_RETURN_TYPE = YES_ERROR;
				GCC_WARN_UNDECLARED_SELECTOR = YES;
				GCC_WARN_UNINITIALIZED_AUTOS = YES_AGGRESSIVE;
				GCC_WARN_UNUSED_FUNCTION = YES;
				GCC_WARN_UNUSED_VARIABLE = YES;
				IPHONEOS_DEPLOYMENT_TARGET = 14.3;
				MTL_ENABLE_DEBUG_INFO = NO;
				MTL_FAST_MATH = YES;
				SDKROOT = iphoneos;
				SWIFT_COMPILATION_MODE = wholemodule;
				SWIFT_OPTIMIZATION_LEVEL = "-O";
				VALIDATE_PRODUCT = YES;
			};
			name = Release;
		};
		A321030925D971C5002E55A8 /* Debug */ = {
			isa = XCBuildConfiguration;
			buildSettings = {
				ASSETCATALOG_COMPILER_APPICON_NAME = AppIcon;
				ASSETCATALOG_COMPILER_GLOBAL_ACCENT_COLOR_NAME = AccentColor;
				CODE_SIGN_STYLE = Automatic;
				DEVELOPMENT_ASSET_PATHS = "\"MusicList/Preview Content\"";
				DEVELOPMENT_TEAM = 4HT2BE32MC;
				ENABLE_PREVIEWS = YES;
				INFOPLIST_FILE = MusicList/Info.plist;
				IPHONEOS_DEPLOYMENT_TARGET = 14.0;
				LD_RUNPATH_SEARCH_PATHS = (
					"$(inherited)",
					"@executable_path/Frameworks",
				);
				PRODUCT_BUNDLE_IDENTIFIER = com.dely.MusicList;
				PRODUCT_NAME = "$(TARGET_NAME)";
				SWIFT_VERSION = 5.0;
				TARGETED_DEVICE_FAMILY = "1,2";
			};
			name = Debug;
		};
		A321030A25D971C5002E55A8 /* Release */ = {
			isa = XCBuildConfiguration;
			buildSettings = {
				ASSETCATALOG_COMPILER_APPICON_NAME = AppIcon;
				ASSETCATALOG_COMPILER_GLOBAL_ACCENT_COLOR_NAME = AccentColor;
				CODE_SIGN_STYLE = Automatic;
				DEVELOPMENT_ASSET_PATHS = "\"MusicList/Preview Content\"";
				DEVELOPMENT_TEAM = 4HT2BE32MC;
				ENABLE_PREVIEWS = YES;
				INFOPLIST_FILE = MusicList/Info.plist;
				IPHONEOS_DEPLOYMENT_TARGET = 14.0;
				LD_RUNPATH_SEARCH_PATHS = (
					"$(inherited)",
					"@executable_path/Frameworks",
				);
				PRODUCT_BUNDLE_IDENTIFIER = com.dely.MusicList;
				PRODUCT_NAME = "$(TARGET_NAME)";
				SWIFT_VERSION = 5.0;
				TARGETED_DEVICE_FAMILY = "1,2";
			};
			name = Release;
		};
		A321030C25D971C5002E55A8 /* Debug */ = {
			isa = XCBuildConfiguration;
			buildSettings = {
				ALWAYS_EMBED_SWIFT_STANDARD_LIBRARIES = YES;
				BUNDLE_LOADER = "$(TEST_HOST)";
				CODE_SIGN_STYLE = Automatic;
				DEVELOPMENT_TEAM = 4HT2BE32MC;
				INFOPLIST_FILE = MusicListTests/Info.plist;
				IPHONEOS_DEPLOYMENT_TARGET = 14.0;
				LD_RUNPATH_SEARCH_PATHS = (
					"$(inherited)",
					"@executable_path/Frameworks",
					"@loader_path/Frameworks",
				);
				PRODUCT_BUNDLE_IDENTIFIER = com.dely.MusicListTests;
				PRODUCT_NAME = "$(TARGET_NAME)";
				SWIFT_VERSION = 5.0;
				TARGETED_DEVICE_FAMILY = "1,2";
				TEST_HOST = "$(BUILT_PRODUCTS_DIR)/MusicList.app/MusicList";
			};
			name = Debug;
		};
		A321030D25D971C5002E55A8 /* Release */ = {
			isa = XCBuildConfiguration;
			buildSettings = {
				ALWAYS_EMBED_SWIFT_STANDARD_LIBRARIES = YES;
				BUNDLE_LOADER = "$(TEST_HOST)";
				CODE_SIGN_STYLE = Automatic;
				DEVELOPMENT_TEAM = 4HT2BE32MC;
				INFOPLIST_FILE = MusicListTests/Info.plist;
				IPHONEOS_DEPLOYMENT_TARGET = 14.0;
				LD_RUNPATH_SEARCH_PATHS = (
					"$(inherited)",
					"@executable_path/Frameworks",
					"@loader_path/Frameworks",
				);
				PRODUCT_BUNDLE_IDENTIFIER = com.dely.MusicListTests;
				PRODUCT_NAME = "$(TARGET_NAME)";
				SWIFT_VERSION = 5.0;
				TARGETED_DEVICE_FAMILY = "1,2";
				TEST_HOST = "$(BUILT_PRODUCTS_DIR)/MusicList.app/MusicList";
			};
			name = Release;
		};
		A321030F25D971C5002E55A8 /* Debug */ = {
			isa = XCBuildConfiguration;
			buildSettings = {
				ALWAYS_EMBED_SWIFT_STANDARD_LIBRARIES = YES;
				CODE_SIGN_STYLE = Automatic;
				DEVELOPMENT_TEAM = 4HT2BE32MC;
				INFOPLIST_FILE = MusicListUITests/Info.plist;
				LD_RUNPATH_SEARCH_PATHS = (
					"$(inherited)",
					"@executable_path/Frameworks",
					"@loader_path/Frameworks",
				);
				PRODUCT_BUNDLE_IDENTIFIER = com.dely.MusicListUITests;
				PRODUCT_NAME = "$(TARGET_NAME)";
				SWIFT_VERSION = 5.0;
				TARGETED_DEVICE_FAMILY = "1,2";
				TEST_TARGET_NAME = MusicList;
			};
			name = Debug;
		};
		A321031025D971C5002E55A8 /* Release */ = {
			isa = XCBuildConfiguration;
			buildSettings = {
				ALWAYS_EMBED_SWIFT_STANDARD_LIBRARIES = YES;
				CODE_SIGN_STYLE = Automatic;
				DEVELOPMENT_TEAM = 4HT2BE32MC;
				INFOPLIST_FILE = MusicListUITests/Info.plist;
				LD_RUNPATH_SEARCH_PATHS = (
					"$(inherited)",
					"@executable_path/Frameworks",
					"@loader_path/Frameworks",
				);
				PRODUCT_BUNDLE_IDENTIFIER = com.dely.MusicListUITests;
				PRODUCT_NAME = "$(TARGET_NAME)";
				SWIFT_VERSION = 5.0;
				TARGETED_DEVICE_FAMILY = "1,2";
				TEST_TARGET_NAME = MusicList;
			};
			name = Release;
		};
/* End XCBuildConfiguration section */

/* Begin XCConfigurationList section */
		A32102DE25D971C0002E55A8 /* Build configuration list for PBXProject "MusicList" */ = {
			isa = XCConfigurationList;
			buildConfigurations = (
				A321030625D971C5002E55A8 /* Debug */,
				A321030725D971C5002E55A8 /* Release */,
			);
			defaultConfigurationIsVisible = 0;
			defaultConfigurationName = Release;
		};
		A321030825D971C5002E55A8 /* Build configuration list for PBXNativeTarget "MusicList" */ = {
			isa = XCConfigurationList;
			buildConfigurations = (
				A321030925D971C5002E55A8 /* Debug */,
				A321030A25D971C5002E55A8 /* Release */,
			);
			defaultConfigurationIsVisible = 0;
			defaultConfigurationName = Release;
		};
		A321030B25D971C5002E55A8 /* Build configuration list for PBXNativeTarget "MusicListTests" */ = {
			isa = XCConfigurationList;
			buildConfigurations = (
				A321030C25D971C5002E55A8 /* Debug */,
				A321030D25D971C5002E55A8 /* Release */,
			);
			defaultConfigurationIsVisible = 0;
			defaultConfigurationName = Release;
		};
		A321030E25D971C5002E55A8 /* Build configuration list for PBXNativeTarget "MusicListUITests" */ = {
			isa = XCConfigurationList;
			buildConfigurations = (
				A321030F25D971C5002E55A8 /* Debug */,
				A321031025D971C5002E55A8 /* Release */,
			);
			defaultConfigurationIsVisible = 0;
			defaultConfigurationName = Release;
		};
/* End XCConfigurationList section */
	};
	rootObject = A32102DB25D971C0002E55A8 /* Project object */;
}
